
Microsoft Visual Studio Solution File, Format Version 12.00
# Visual Studio Version 17
VisualStudioVersion = 17.4.33403.182
MinimumVisualStudioVersion = 10.0.40219.1
Project("{9A19103F-16F7-4668-BE54-9A1E7A4F7556}") = "Repository", "Repository\Repository.csproj", "{FE8BCDB5-E05E-4480-AACF-3D389858ED81}"
EndProject
Project("{9A19103F-16F7-4668-BE54-9A1E7A4F7556}") = "DataHR", "DataHR\DataHR.csproj", "{9083800F-2578-4606-8722-9BA0FF4E5C64}"
EndProject
Project("{9A19103F-16F7-4668-BE54-9A1E7A4F7556}") = "ApplicationService", "ApplicationService\ApplicationService.csproj", "{DCACA4BF-9AAE-479D-AB66-A5DF43A8F454}"
EndProject
Project("{9A19103F-16F7-4668-BE54-9A1E7A4F7556}") = "WebApplication1", "WebApplication1\WebApplication1.csproj", "{2B42C664-7D52-4E54-9501-F29A44B1C888}"
EndProject
Project("{FAE04EC0-301F-11D3-BF4B-00C04F79EFBC}") = "WebSite", "WebSite\WebSite.csproj", "{34D9C180-782B-4DF7-9E66-601256B086A1}"
EndProject
Global
	GlobalSection(SolutionConfigurationPlatforms) = preSolution
		Debug|Any CPU = Debug|Any CPU
		Release|Any CPU = Release|Any CPU
	EndGlobalSection
	GlobalSection(ProjectConfigurationPlatforms) = postSolution
		{FE8BCDB5-E05E-4480-AACF-3D389858ED81}.Debug|Any CPU.ActiveCfg = Debug|Any CPU
		{FE8BCDB5-E05E-4480-AACF-3D389858ED81}.Debug|Any CPU.Build.0 = Debug|Any CPU
		{FE8BCDB5-E05E-4480-AACF-3D389858ED81}.Release|Any CPU.ActiveCfg = Release|Any CPU
		{FE8BCDB5-E05E-4480-AACF-3D389858ED81}.Release|Any CPU.Build.0 = Release|Any CPU
		{9083800F-2578-4606-8722-9BA0FF4E5C64}.Debug|Any CPU.ActiveCfg = Debug|Any CPU
		{9083800F-2578-4606-8722-9BA0FF4E5C64}.Debug|Any CPU.Build.0 = Debug|Any CPU
		{9083800F-2578-4606-8722-9BA0FF4E5C64}.Release|Any CPU.ActiveCfg = Release|Any CPU
		{9083800F-2578-4606-8722-9BA0FF4E5C64}.Release|Any CPU.Build.0 = Release|Any CPU
		{DCACA4BF-9AAE-479D-AB66-A5DF43A8F454}.Debug|Any CPU.ActiveCfg = Debug|Any CPU
		{DCACA4BF-9AAE-479D-AB66-A5DF43A8F454}.Debug|Any CPU.Build.0 = Debug|Any CPU
		{DCACA4BF-9AAE-479D-AB66-A5DF43A8F454}.Release|Any CPU.ActiveCfg = Release|Any CPU
		{DCACA4BF-9AAE-479D-AB66-A5DF43A8F454}.Release|Any CPU.Build.0 = Release|Any CPU
		{2B42C664-7D52-4E54-9501-F29A44B1C888}.Debug|Any CPU.ActiveCfg = Debug|Any CPU
		{2B42C664-7D52-4E54-9501-F29A44B1C888}.Debug|Any CPU.Build.0 = Debug|Any CPU
		{2B42C664-7D52-4E54-9501-F29A44B1C888}.Release|Any CPU.ActiveCfg = Release|Any CPU
		{2B42C664-7D52-4E54-9501-F29A44B1C888}.Release|Any CPU.Build.0 = Release|Any CPU
		{34D9C180-782B-4DF7-9E66-601256B086A1}.Debug|Any CPU.ActiveCfg = Debug|Any CPU
		{34D9C180-782B-4DF7-9E66-601256B086A1}.Debug|Any CPU.Build.0 = Debug|Any CPU
		{34D9C180-782B-4DF7-9E66-601256B086A1}.Release|Any CPU.ActiveCfg = Release|Any CPU
		{34D9C180-782B-4DF7-9E66-601256B086A1}.Release|Any CPU.Build.0 = Release|Any CPU
	EndGlobalSection
	GlobalSection(SolutionProperties) = preSolution
		HideSolutionNode = FALSE
	EndGlobalSection
	GlobalSection(ExtensibilityGlobals) = postSolution
		SolutionGuid = {2A2B3E60-DA04-4B9E-9641-69FDB73092A2}
	EndGlobalSection
EndGlobal
